// !$*UTF8*$!
{
	archiveVersion = 1;
	classes = {
	};
	objectVersion = 55;
	objects = {

/* Begin PBXBuildFile section */
		1CED3A8528C5C75B00886277 /* Book_reading_appApp.swift in Sources */ = {isa = PBXBuildFile; fileRef = 1CED3A8428C5C75B00886277 /* Book_reading_appApp.swift */; };
		1CED3A8728C5C75B00886277 /* ContentView.swift in Sources */ = {isa = PBXBuildFile; fileRef = 1CED3A8628C5C75B00886277 /* ContentView.swift */; };
		1CED3A8928C5C75D00886277 /* Assets.xcassets in Resources */ = {isa = PBXBuildFile; fileRef = 1CED3A8828C5C75D00886277 /* Assets.xcassets */; };
		1CED3A8C28C5C75D00886277 /* Preview Assets.xcassets in Resources */ = {isa = PBXBuildFile; fileRef = 1CED3A8B28C5C75D00886277 /* Preview Assets.xcassets */; };
		1CED3A9928C7784000886277 /* Book.swift in Sources */ = {isa = PBXBuildFile; fileRef = 1CED3A9828C7784000886277 /* Book.swift */; };
		1CED3A9C28C7872500886277 /* Data.json in Resources */ = {isa = PBXBuildFile; fileRef = 1CED3A9B28C7872500886277 /* Data.json */; };
		1CED3A9F28C7877F00886277 /* bookModel.swift in Sources */ = {isa = PBXBuildFile; fileRef = 1CED3A9E28C7877F00886277 /* bookModel.swift */; };
		1CED3AA228C7890300886277 /* bookViewModels.swift in Sources */ = {isa = PBXBuildFile; fileRef = 1CED3AA128C7890300886277 /* bookViewModels.swift */; };
		1CED3AA628C7C3FF00886277 /* bookInDetails.swift in Sources */ = {isa = PBXBuildFile; fileRef = 1CED3AA528C7C3FF00886277 /* bookInDetails.swift */; };
/* End PBXBuildFile section */

/* Begin PBXFileReference section */
		1CED3A8128C5C75B00886277 /* Book_reading_app.app */ = {isa = PBXFileReference; explicitFileType = wrapper.application; includeInIndex = 0; path = Book_reading_app.app; sourceTree = BUILT_PRODUCTS_DIR; };
		1CED3A8428C5C75B00886277 /* Book_reading_appApp.swift */ = {isa = PBXFileReference; lastKnownFileType = sourcecode.swift; path = Book_reading_appApp.swift; sourceTree = "<group>"; };
		1CED3A8628C5C75B00886277 /* ContentView.swift */ = {isa = PBXFileReference; lastKnownFileType = sourcecode.swift; path = ContentView.swift; sourceTree = "<group>"; };
		1CED3A8828C5C75D00886277 /* Assets.xcassets */ = {isa = PBXFileReference; lastKnownFileType = folder.assetcatalog; path = Assets.xcassets; sourceTree = "<group>"; };
		1CED3A8B28C5C75D00886277 /* Preview Assets.xcassets */ = {isa = PBXFileReference; lastKnownFileType = folder.assetcatalog; path = "Preview Assets.xcassets"; sourceTree = "<group>"; };
		1CED3A9828C7784000886277 /* Book.swift */ = {isa = PBXFileReference; lastKnownFileType = sourcecode.swift; path = Book.swift; sourceTree = "<group>"; };
		1CED3A9B28C7872500886277 /* Data.json */ = {isa = PBXFileReference; fileEncoding = 4; lastKnownFileType = text.json; name = Data.json; path = "../../../../iOS Foundation course resources/Module 4/Lesson 15/Data and Assets/Data.json"; sourceTree = "<group>"; };
		1CED3A9E28C7877F00886277 /* bookModel.swift */ = {isa = PBXFileReference; lastKnownFileType = sourcecode.swift; path = bookModel.swift; sourceTree = "<group>"; };
		1CED3AA128C7890300886277 /* bookViewModels.swift */ = {isa = PBXFileReference; lastKnownFileType = sourcecode.swift; path = bookViewModels.swift; sourceTree = "<group>"; };
		1CED3AA528C7C3FF00886277 /* bookInDetails.swift */ = {isa = PBXFileReference; lastKnownFileType = sourcecode.swift; path = bookInDetails.swift; sourceTree = "<group>"; };
/* End PBXFileReference section */

/* Begin PBXFrameworksBuildPhase section */
		1CED3A7E28C5C75A00886277 /* Frameworks */ = {
			isa = PBXFrameworksBuildPhase;
			buildActionMask = 2147483647;
			files = (
			);
			runOnlyForDeploymentPostprocessing = 0;
		};
/* End PBXFrameworksBuildPhase section */

/* Begin PBXGroup section */
		1CED3A7828C5C75A00886277 = {
			isa = PBXGroup;
			children = (
				1CED3A8328C5C75B00886277 /* Book_reading_app */,
				1CED3A8228C5C75B00886277 /* Products */,
			);
			sourceTree = "<group>";
		};
		1CED3A8228C5C75B00886277 /* Products */ = {
			isa = PBXGroup;
			children = (
				1CED3A8128C5C75B00886277 /* Book_reading_app.app */,
			);
			name = Products;
			sourceTree = "<group>";
		};
		1CED3A8328C5C75B00886277 /* Book_reading_app */ = {
			isa = PBXGroup;
			children = (
				1CED3A8428C5C75B00886277 /* Book_reading_appApp.swift */,
				1CED3AA028C788E800886277 /* ViewModels */,
				1CED3A9D28C7876900886277 /* Models */,
				1CED3A9A28C7870300886277 /* Data */,
				1CED3A9728C7780800886277 /* VIews */,
				1CED3A8828C5C75D00886277 /* Assets.xcassets */,
				1CED3A8A28C5C75D00886277 /* Preview Content */,
			);
			path = Book_reading_app;
			sourceTree = "<group>";
		};
		1CED3A8A28C5C75D00886277 /* Preview Content */ = {
			isa = PBXGroup;
			children = (
				1CED3A8B28C5C75D00886277 /* Preview Assets.xcassets */,
			);
			path = "Preview Content";
			sourceTree = "<group>";
		};
		1CED3A9728C7780800886277 /* VIews */ = {
			isa = PBXGroup;
			children = (
				1CED3A8628C5C75B00886277 /* ContentView.swift */,
				1CED3A9828C7784000886277 /* Book.swift */,
				1CED3AA528C7C3FF00886277 /* bookInDetails.swift */,
			);
			path = VIews;
			sourceTree = "<group>";
		};
		1CED3A9A28C7870300886277 /* Data */ = {
			isa = PBXGroup;
			children = (
				1CED3A9B28C7872500886277 /* Data.json */,
			);
			path = Data;
			sourceTree = "<group>";
		};
		1CED3A9D28C7876900886277 /* Models */ = {
			isa = PBXGroup;
			children = (
				1CED3A9E28C7877F00886277 /* bookModel.swift */,
			);
			path = Models;
			sourceTree = "<group>";
		};
		1CED3AA028C788E800886277 /* ViewModels */ = {
			isa = PBXGroup;
			children = (
				1CED3AA128C7890300886277 /* bookViewModels.swift */,
			);
			path = ViewModels;
			sourceTree = "<group>";
		};
/* End PBXGroup section */

/* Begin PBXNativeTarget section */
		1CED3A8028C5C75A00886277 /* Book_reading_app */ = {
			isa = PBXNativeTarget;
			buildConfigurationList = 1CED3A8F28C5C75D00886277 /* Build configuration list for PBXNativeTarget "Book_reading_app" */;
			buildPhases = (
				1CED3A7D28C5C75A00886277 /* Sources */,
				1CED3A7E28C5C75A00886277 /* Frameworks */,
				1CED3A7F28C5C75A00886277 /* Resources */,
			);
			buildRules = (
			);
			dependencies = (
			);
			name = Book_reading_app;
			productName = Book_reading_app;
			productReference = 1CED3A8128C5C75B00886277 /* Book_reading_app.app */;
			productType = "com.apple.product-type.application";
		};
/* End PBXNativeTarget section */

/* Begin PBXProject section */
		1CED3A7928C5C75A00886277 /* Project object */ = {
			isa = PBXProject;
			attributes = {
				BuildIndependentTargetsInParallel = 1;
				LastSwiftUpdateCheck = 1340;
				LastUpgradeCheck = 1340;
				TargetAttributes = {
					1CED3A8028C5C75A00886277 = {
						CreatedOnToolsVersion = 13.4.1;
					};
				};
			};
			buildConfigurationList = 1CED3A7C28C5C75A00886277 /* Build configuration list for PBXProject "Book_reading_app" */;
			compatibilityVersion = "Xcode 13.0";
			developmentRegion = en;
			hasScannedForEncodings = 0;
			knownRegions = (
				en,
				Base,
			);
			mainGroup = 1CED3A7828C5C75A00886277;
			productRefGroup = 1CED3A8228C5C75B00886277 /* Products */;
			projectDirPath = "";
			projectRoot = "";
			targets = (
				1CED3A8028C5C75A00886277 /* Book_reading_app */,
			);
		};
/* End PBXProject section */

/* Begin PBXResourcesBuildPhase section */
		1CED3A7F28C5C75A00886277 /* Resources */ = {
			isa = PBXResourcesBuildPhase;
			buildActionMask = 2147483647;
			files = (
				1CED3A8C28C5C75D00886277 /* Preview Assets.xcassets in Resources */,
				1CED3A8928C5C75D00886277 /* Assets.xcassets in Resources */,
				1CED3A9C28C7872500886277 /* Data.json in Resources */,
			);
			runOnlyForDeploymentPostprocessing = 0;
		};
/* End PBXResourcesBuildPhase section */

/* Begin PBXSourcesBuildPhase section */
		1CED3A7D28C5C75A00886277 /* Sources */ = {
			isa = PBXSourcesBuildPhase;
			buildActionMask = 2147483647;
			files = (
				1CED3AA628C7C3FF00886277 /* bookInDetails.swift in Sources */,
				1CED3A8728C5C75B00886277 /* ContentView.swift in Sources */,
				1CED3AA228C7890300886277 /* bookViewModels.swift in Sources */,
				1CED3A8528C5C75B00886277 /* Book_reading_appApp.swift in Sources */,
				1CED3A9F28C7877F00886277 /* bookModel.swift in Sources */,
				1CED3A9928C7784000886277 /* Book.swift in Sources */,
			);
			runOnlyForDeploymentPostprocessing = 0;
		};
/* End PBXSourcesBuildPhase section */

/* Begin XCBuildConfiguration section */
		1CED3A8D28C5C75D00886277 /* Debug */ = {
			isa = XCBuildConfiguration;
			buildSettings = {
				ALWAYS_SEARCH_USER_PATHS = NO;
				CLANG_ANALYZER_NONNULL = YES;
				CLANG_ANALYZER_NUMBER_OBJECT_CONVERSION = YES_AGGRESSIVE;
				CLANG_CXX_LANGUAGE_STANDARD = "gnu++17";
				CLANG_ENABLE_MODULES = YES;
				CLANG_ENABLE_OBJC_ARC = YES;
				CLANG_ENABLE_OBJC_WEAK = YES;
				CLANG_WARN_BLOCK_CAPTURE_AUTORELEASING = YES;
				CLANG_WARN_BOOL_CONVERSION = YES;
				CLANG_WARN_COMMA = YES;
				CLANG_WARN_CONSTANT_CONVERSION = YES;
				CLANG_WARN_DEPRECATED_OBJC_IMPLEMENTATIONS = YES;
				CLANG_WARN_DIRECT_OBJC_ISA_USAGE = YES_ERROR;
				CLANG_WARN_DOCUMENTATION_COMMENTS = YES;
				CLANG_WARN_EMPTY_BODY = YES;
				CLANG_WARN_ENUM_CONVERSION = YES;
				CLANG_WARN_INFINITE_RECURSION = YES;
				CLANG_WARN_INT_CONVERSION = YES;
				CLANG_WARN_NON_LITERAL_NULL_CONVERSION = YES;
				CLANG_WARN_OBJC_IMPLICIT_RETAIN_SELF = YES;
				CLANG_WARN_OBJC_LITERAL_CONVERSION = YES;
				CLANG_WARN_OBJC_ROOT_CLASS = YES_ERROR;
				CLANG_WARN_QUOTED_INCLUDE_IN_FRAMEWORK_HEADER = YES;
				CLANG_WARN_RANGE_LOOP_ANALYSIS = YES;
				CLANG_WARN_STRICT_PROTOTYPES = YES;
				CLANG_WARN_SUSPICIOUS_MOVE = YES;
				CLANG_WARN_UNGUARDED_AVAILABILITY = YES_AGGRESSIVE;
				CLANG_WARN_UNREACHABLE_CODE = YES;
				CLANG_WARN__DUPLICATE_METHOD_MATCH = YES;
				COPY_PHASE_STRIP = NO;
				DEBUG_INFORMATION_FORMAT = dwarf;
				ENABLE_STRICT_OBJC_MSGSEND = YES;
				ENABLE_TESTABILITY = YES;
				GCC_C_LANGUAGE_STANDARD = gnu11;
				GCC_DYNAMIC_NO_PIC = NO;
				GCC_NO_COMMON_BLOCKS = YES;
				GCC_OPTIMIZATION_LEVEL = 0;
				GCC_PREPROCESSOR_DEFINITIONS = (
					"DEBUG=1",
					"$(inherited)",
				);
				GCC_WARN_64_TO_32_BIT_CONVERSION = YES;
				GCC_WARN_ABOUT_RETURN_TYPE = YES_ERROR;
				GCC_WARN_UNDECLARED_SELECTOR = YES;
				GCC_WARN_UNINITIALIZED_AUTOS = YES_AGGRESSIVE;
				GCC_WARN_UNUSED_FUNCTION = YES;
				GCC_WARN_UNUSED_VARIABLE = YES;
				IPHONEOS_DEPLOYMENT_TARGET = 15.5;
				MTL_ENABLE_DEBUG_INFO = INCLUDE_SOURCE;
				MTL_FAST_MATH = YES;
				ONLY_ACTIVE_ARCH = YES;
				SDKROOT = iphoneos;
				SWIFT_ACTIVE_COMPILATION_CONDITIONS = DEBUG;
				SWIFT_OPTIMIZATION_LEVEL = "-Onone";
			};
			name = Debug;
		};
		1CED3A8E28C5C75D00886277 /* Release */ = {
			isa = XCBuildConfiguration;
			buildSettings = {
				ALWAYS_SEARCH_USER_PATHS = NO;
				CLANG_ANALYZER_NONNULL = YES;
				CLANG_ANALYZER_NUMBER_OBJECT_CONVERSION = YES_AGGRESSIVE;
				CLANG_CXX_LANGUAGE_STANDARD = "gnu++17";
				CLANG_ENABLE_MODULES = YES;
				CLANG_ENABLE_OBJC_ARC = YES;
				CLANG_ENABLE_OBJC_WEAK = YES;
				CLANG_WARN_BLOCK_CAPTURE_AUTORELEASING = YES;
				CLANG_WARN_BOOL_CONVERSION = YES;
				CLANG_WARN_COMMA = YES;
				CLANG_WARN_CONSTANT_CONVERSION = YES;
				CLANG_WARN_DEPRECATED_OBJC_IMPLEMENTATIONS = YES;
				CLANG_WARN_DIRECT_OBJC_ISA_USAGE = YES_ERROR;
				CLANG_WARN_DOCUMENTATION_COMMENTS = YES;
				CLANG_WARN_EMPTY_BODY = YES;
				CLANG_WARN_ENUM_CONVERSION = YES;
				CLANG_WARN_INFINITE_RECURSION = YES;
				CLANG_WARN_INT_CONVERSION = YES;
				CLANG_WARN_NON_LITERAL_NULL_CONVERSION = YES;
				CLANG_WARN_OBJC_IMPLICIT_RETAIN_SELF = YES;
				CLANG_WARN_OBJC_LITERAL_CONVERSION = YES;
				CLANG_WARN_OBJC_ROOT_CLASS = YES_ERROR;
				CLANG_WARN_QUOTED_INCLUDE_IN_FRAMEWORK_HEADER = YES;
				CLANG_WARN_RANGE_LOOP_ANALYSIS = YES;
				CLANG_WARN_STRICT_PROTOTYPES = YES;
				CLANG_WARN_SUSPICIOUS_MOVE = YES;
				CLANG_WARN_UNGUARDED_AVAILABILITY = YES_AGGRESSIVE;
				CLANG_WARN_UNREACHABLE_CODE = YES;
				CLANG_WARN__DUPLICATE_METHOD_MATCH = YES;
				COPY_PHASE_STRIP = NO;
				DEBUG_INFORMATION_FORMAT = "dwarf-with-dsym";
				ENABLE_NS_ASSERTIONS = NO;
				ENABLE_STRICT_OBJC_MSGSEND = YES;
				GCC_C_LANGUAGE_STANDARD = gnu11;
				GCC_NO_COMMON_BLOCKS = YES;
				GCC_WARN_64_TO_32_BIT_CONVERSION = YES;
				GCC_WARN_ABOUT_RETURN_TYPE = YES_ERROR;
				GCC_WARN_UNDECLARED_SELECTOR = YES;
				GCC_WARN_UNINITIALIZED_AUTOS = YES_AGGRESSIVE;
				GCC_WARN_UNUSED_FUNCTION = YES;
				GCC_WARN_UNUSED_VARIABLE = YES;
				IPHONEOS_DEPLOYMENT_TARGET = 15.5;
				MTL_ENABLE_DEBUG_INFO = NO;
				MTL_FAST_MATH = YES;
				SDKROOT = iphoneos;
				SWIFT_COMPILATION_MODE = wholemodule;
				SWIFT_OPTIMIZATION_LEVEL = "-O";
				VALIDATE_PRODUCT = YES;
			};
			name = Release;
		};
		1CED3A9028C5C75D00886277 /* Debug */ = {
			isa = XCBuildConfiguration;
			buildSettings = {
				ASSETCATALOG_COMPILER_APPICON_NAME = AppIcon;
				ASSETCATALOG_COMPILER_GLOBAL_ACCENT_COLOR_NAME = AccentColor;
				CODE_SIGN_STYLE = Automatic;
				CURRENT_PROJECT_VERSION = 1;
				DEVELOPMENT_ASSET_PATHS = "\"Book_reading_app/Preview Content\"";
				DEVELOPMENT_TEAM = F6UG87VL4G;
				ENABLE_PREVIEWS = YES;
				GENERATE_INFOPLIST_FILE = YES;
				INFOPLIST_KEY_UIApplicationSceneManifest_Generation = YES;
				INFOPLIST_KEY_UIApplicationSupportsIndirectInputEvents = YES;
				INFOPLIST_KEY_UILaunchScreen_Generation = YES;
				INFOPLIST_KEY_UISupportedInterfaceOrientations_iPad = "UIInterfaceOrientationPortrait UIInterfaceOrientationPortraitUpsideDown UIInterfaceOrientationLandscapeLeft UIInterfaceOrientationLandscapeRight";
				INFOPLIST_KEY_UISupportedInterfaceOrientations_iPhone = "UIInterfaceOrientationPortrait UIInterfaceOrientationLandscapeLeft UIInterfaceOrientationLandscapeRight";
				LD_RUNPATH_SEARCH_PATHS = (
					"$(inherited)",
					"@executable_path/Frameworks",
				);
				MARKETING_VERSION = 1.0;
				PRODUCT_BUNDLE_IDENTIFIER = "letsdoit.Book-reading-app";
				PRODUCT_NAME = "$(TARGET_NAME)";
				SWIFT_EMIT_LOC_STRINGS = YES;
				SWIFT_VERSION = 5.0;
				TARGETED_DEVICE_FAMILY = "1,2";
			};
			name = Debug;
		};
		1CED3A9128C5C75D00886277 /* Release */ = {
			isa = XCBuildConfiguration;
			buildSettings = {
				ASSETCATALOG_COMPILER_APPICON_NAME = AppIcon;
				ASSETCATALOG_COMPILER_GLOBAL_ACCENT_COLOR_NAME = AccentColor;
				CODE_SIGN_STYLE = Automatic;
				CURRENT_PROJECT_VERSION = 1;
				DEVELOPMENT_ASSET_PATHS = "\"Book_reading_app/Preview Content\"";
				DEVELOPMENT_TEAM = F6UG87VL4G;
				ENABLE_PREVIEWS = YES;
				GENERATE_INFOPLIST_FILE = YES;
				INFOPLIST_KEY_UIApplicationSceneManifest_Generation = YES;
				INFOPLIST_KEY_UIApplicationSupportsIndirectInputEvents = YES;
				INFOPLIST_KEY_UILaunchScreen_Generation = YES;
				INFOPLIST_KEY_UISupportedInterfaceOrientations_iPad = "UIInterfaceOrientationPortrait UIInterfaceOrientationPortraitUpsideDown UIInterfaceOrientationLandscapeLeft UIInterfaceOrientationLandscapeRight";
				INFOPLIST_KEY_UISupportedInterfaceOrientations_iPhone = "UIInterfaceOrientationPortrait UIInterfaceOrientationLandscapeLeft UIInterfaceOrientationLandscapeRight";
				LD_RUNPATH_SEARCH_PATHS = (
					"$(inherited)",
					"@executable_path/Frameworks",
				);
				MARKETING_VERSION = 1.0;
				PRODUCT_BUNDLE_IDENTIFIER = "letsdoit.Book-reading-app";
				PRODUCT_NAME = "$(TARGET_NAME)";
				SWIFT_EMIT_LOC_STRINGS = YES;
				SWIFT_VERSION = 5.0;
				TARGETED_DEVICE_FAMILY = "1,2";
			};
			name = Release;
		};
/* End XCBuildConfiguration section */

/* Begin XCConfigurationList section */
		1CED3A7C28C5C75A00886277 /* Build configuration list for PBXProject "Book_reading_app" */ = {
			isa = XCConfigurationList;
			buildConfigurations = (
				1CED3A8D28C5C75D00886277 /* Debug */,
				1CED3A8E28C5C75D00886277 /* Release */,
			);
			defaultConfigurationIsVisible = 0;
			defaultConfigurationName = Release;
		};
		1CED3A8F28C5C75D00886277 /* Build configuration list for PBXNativeTarget "Book_reading_app" */ = {
			isa = XCConfigurationList;
			buildConfigurations = (
				1CED3A9028C5C75D00886277 /* Debug */,
				1CED3A9128C5C75D00886277 /* Release */,
			);
			defaultConfigurationIsVisible = 0;
			defaultConfigurationName = Release;
		};
/* End XCConfigurationList section */
	};
	rootObject = 1CED3A7928C5C75A00886277 /* Project object */;
}
